{
    "default": {
        "packaging": {
            "version": "==16.8",
            "hash": "sha256:99276dc6e3a7851f32027a68f1095cd3f77c148091b092ea867a351811cfe388"
        },
        "setuptools": {
            "version": "==34.2.0",
            "hash": "sha256:75d352eeeddd96a3fb702b1da9f8b89e5f8c045dbd86e3894516733eb5f99713"
        },
        "pyparsing": {
            "version": "==2.1.10",
            "hash": "sha256:67101d7acee692962f33dd30b5dce079ff532dd9aa99ff48d52a3dad51d2fe84"
        },
        "six": {
            "version": "==1.10.0",
            "hash": "sha256:0ff78c403d9bccf5a425a6d31a12aa6b47f1c21ca4dc2573a7e2f32a97335eb1"
        },
        "appdirs": {
            "version": "==1.4.0",
            "hash": "sha256:85e58578db8f29538f3109c11250c2a5514a2fcdc9890d9b2fe777eb55517736"
        },
        "testpackage": {
            "version": "==2.27",
            "hash": "sha256:fd0076de3a2c8c695826e466cbb0f9febc6ea8474302ec3e673dbe46cd278b6a"
        }
    },
    "develop": {
        "lazy-object-proxy": {
            "version": "==1.2.2",
            "hash": "sha256:f9884923b477d25ba64f370abeabaad8002a23fdf288a58da1e1f020a3aa5c5f"
        },
        "PyInstaller": {
            "version": "==3.2.1",
            "hash": "sha256:f08ca806bc26e62034bca181a4b85de22568a3d39bdb062f05927c6e86c2a48c"
        },
        "coverage.space": {
            "version": "==0.7",
            "hash": "sha256:2c5b691f8896b102dd81a19f9d57d0bb11e6462ea0e133e4580b337d7ff42dd6"
        },
        "packaging": {
            "version": "==16.8",
            "hash": "sha256:99276dc6e3a7851f32027a68f1095cd3f77c148091b092ea867a351811cfe388"
        },
        "backports.functools-lru-cache": {
            "version": "==1.3",
            "hash": "sha256:ac661058b4b9c770c0f045a71cf3cafedd1be11071d6116201ee5d7245c61034"
        },
        "backports_abc": {
            "version": "==0.5",
            "hash": "sha256:52089f97fe7a9aa0d3277b220c1d730a85aefd64e1b2664696fe35317c5470a7"
        },
        "singledispatch": {
            "version": "==3.4.0.3",
            "hash": "sha256:833b46966687b3de7f438c761ac475213e53b306740f1abfaa86e1d1aae56aa8"
        },
        "python-termstyle": {
            "version": "==0.1.10",
            "hash": "sha256:f42a6bb16fbfc5e2c66d553e7ad46524ea833872f75ee5d827c15115fafc94e2"
        },
        "pyparsing": {
            "version": "==2.1.10",
            "hash": "sha256:67101d7acee692962f33dd30b5dce079ff532dd9aa99ff48d52a3dad51d2fe84"
        },
        "click": {
            "version": "==6.7",
            "hash": "sha256:29f99fc6125fbc931b758dc053b3114e55c77a6e4c6c3a2674a2dc986016381d"
        },
        "appdirs": {
            "version": "==1.4.0",
            "hash": "sha256:85e58578db8f29538f3109c11250c2a5514a2fcdc9890d9b2fe777eb55517736"
        },
        "requests-toolbelt": {
            "version": "==0.7.1",
            "hash": "sha256:17077c6876338ba4101b6e9ab6ba925da970387a7a7eab91d28eed8d25da01f0"
        },
        "twine": {
            "version": "==1.8.1",
            "hash": "sha256:3202d943a144962a821d9c5e92e07f9442dbbe6d6f18eae74e2a725b9980c559"
        },
        "clint": {
            "version": "==0.5.1",
            "hash": "sha256:05224c32b1075563d0b16d0015faaf9da43aa214e4a2140e51f08789e7a4c5aa"
        },
        "pkginfo": {
            "version": "==1.4.1",
            "hash": "sha256:31a49103180ae1518b65d3f4ce09c784e2bc54e338197668b4fb7dc539521024"
        },
        "six": {
            "version": "==1.10.0",
            "hash": "sha256:0ff78c403d9bccf5a425a6d31a12aa6b47f1c21ca4dc2573a7e2f32a97335eb1"
        },
        "expecter": {
            "version": "==0.3.0",
            "hash": "sha256:4d2cab9d9c80620456231106b989c9a6c70f8f7f3a9725a6644097bd3017705a"
        },
        "docutils": {
            "version": "==0.13.1",
            "hash": "sha256:de454f1015958450b72641165c08afe7023cd7e3944396448f2fb1b0ccba9d77"
        },
        "Jinja2": {
            "version": "==2.9.5",
            "hash": "sha256:a7b7438120dbe76a8e735ef7eba6048eaf4e0b7dbc530e100812f8ec462a4d50"
        },
        "isort": {
            "version": "==4.2.5",
            "hash": "sha256:a0c38c1c5e4c70ea1141daa80c740372ad94351e92e9e07da1cd86ce65653dc4"
        },
        "certifi": {
            "version": "==2017.1.23",
            "hash": "sha256:f74a224a9860fd5a2e9757230a7ea3eba82d6d46914780abc18e70c8b58d4bf8"
        },
        "wheel": {
            "version": "==0.29.0",
            "hash": "sha256:ea8033fc9905804e652f75474d33410a07404c1a78dd3c949a66863bd1050ebd"
        },
        "PyYAML": {
            "version": "==3.12",
            "hash": "sha256:592766c6303207a20efc445587778322d7f73b161bd994f227adaa341ba212ab"
        },
        "configparser": {
            "version": "==3.5.0",
            "hash": "sha256:5308b47021bc2340965c371f0f058cc6971a04502638d4244225c49d80db273a"
        },
        "setuptools": {
            "version": "==34.2.0",
            "hash": "sha256:75d352eeeddd96a3fb702b1da9f8b89e5f8c045dbd86e3894516733eb5f99713"
        },
        "backports.shutil-get-terminal-size": {
            "version": "==1.0.0",
            "hash": "sha256:0975ba55054c15e346944b38956a4c9cbee9009391e41b86c68990effb8c1f64"
        },
        "livereload": {
            "version": "==2.5.1",
            "hash": "sha256:5ed6506f5d526ee712da9f3739c27714e6f3376f3e481728d298efceae0ec83a"
        },
        "tornado": {
            "version": "==4.4.2",
            "hash": "sha256:2898f992f898cd41eeb8d53b6df75495f2f423b6672890aadaf196ea1448edcc"
        },
        "args": {
            "version": "==0.1.0",
            "hash": "sha256:a785b8d837625e9b61c39108532d95b85274acd679693b71ebb5156848fcf814"
        },
        "pylint": {
            "version": "==1.6.5",
            "hash": "sha256:c15405aa2a8b982c059ad7e76effe7c7531490af08890a2fcb0c64c9e25b70f9"
        },
        "MarkupSafe": {
            "version": "==0.23",
            "hash": "sha256:a4ec1aff59b95a14b45eb2e23761a0179e98319da5a7eb76b56ea8cdc7b871c3"
        },
        "colorama": {
            "version": "==0.3.7",
            "hash": "sha256:a4c0f5bc358a62849653471e309dcc991223cf86abafbec17cd8f41327279e89"
        },
        "coverage": {
            "version": "==4.3.4",
            "hash": "sha256:ca36d83cd591d027952e5019149c4386e7058cd674bf8cb52dc622f768d689e9"
        },
        "requests": {
            "version": "==2.13.0",
            "hash": "sha256:1a720e8862a41aa22e339373b526f508ef0c8988baf48b84d3fc891a8e237efb"
        },
        "mkdocs": {
            "version": "==0.16.1",
            "hash": "sha256:eb3d2a20d7a48b3275a2308baa8827d9d681c051ce5dc6745171986dcd128880"
        },
        "astroid": {
            "version": "==1.4.9",
            "hash": "sha256:944400d94e45865af150fb98700b27b788ddee5ad17c77d0725f67ac271f7a10"
        },
        "Markdown": {
            "version": "==2.6.8",
            "hash": "sha256:0ac8a81e658167da95d063a9279c9c1b2699f37c7c4153256a458b3a43860e33"
        },
        "pydocstyle": {
            "version": "==1.1.1",
            "hash": "sha256:20939fb9c2d61a9870449573d9ed762ec040c764b2241bec22c5ea956b9caf90"
        },
        "nose-cov": {
            "version": "==1.6",
            "hash": "sha256:8bec0335598f1cc69e3262cc50d7678c1a6010fa44625ce343c4ec1500774412"
        },
        "cov-core": {
            "version": "==1.15.0",
            "hash": "sha256:4a14c67d520fda9d42b0da6134638578caae1d374b9bb462d8de00587dba764c"
        },
        "mccabe": {
            "version": "==0.6.1",
            "hash": "sha256:ab8a6258860da4b6677da4bd2fe5dc2c659cff31b3ee4f7f5d64e79735b80d42"
        },
        "Pygments": {
            "version": "==2.2.0",
            "hash": "sha256:78f3f434bcc5d6ee09020f92ba487f95ba50f1e3ef83ae96b9d5ffa1bab25c5d"
        },
        "nose": {
            "version": "==1.3.7",
            "hash": "sha256:dadcddc0aefbf99eea214e0f1232b94f2fa9bd98fa8353711dacb112bfcbbb2a"
        },
        "pycodestyle": {
            "version": "==2.3.1",
            "hash": "sha256:6c4245ade1edfad79c3446fadfc96b0de2759662dc29d07d80a6f27ad1ca6ba9"
        },
        "sniffer": {
            "version": "==0.4.0",
            "hash": "sha256:e8a0daa4c51dff3d00482b45dc9b978159100a8d5a7df327c28ed96586559970"
        },
        "docopt": {
            "version": "==0.6.2",
            "hash": "sha256:49b3a825280bd66b3aa83585ef59c4a8c82f2c8a522dbe754a8bc8d08c85c491"
        },
        "wrapt": {
            "version": "==1.10.8",
            "hash": "sha256:4ea17e814e39883c6cf1bb9b0835d316b2f69f0f0882ffe7dad1ede66ba82c73"
        }
    },
    "_meta": {
        "sources": [
            {
                "url": "https://pypi.python.org/simple",
                "verify_ssl": true
            }
        ],
        "requires": {},
        "hash": {
            "sha256": "3b455a660a5c0f1907d84d9f8b2eebc86e3b1b0bc1ae3242af37bf1e707b21f1"
        }
    }
}