{
    "_meta": {
        "hash": {
            "sha256": "0096ab9fdd2cc01f80ed8be10900396829d507f5e6106685657184c62c335e5f"
        },
        "requires": {
            "python_version": "2.7"
        },
        "sources": [
            {
                "url": "https://pypi.python.org/simple",
                "verify_ssl": true
            }
        ]
    },
    "default": {
        "setuptools": {
            "version": "==36.2.7"
        },
        "testpackage": {
            "version": "==2.27"
        }
    },
    "develop": {
        "astroid": {
            "version": "==1.5.3"
        },
        "backports-abc": {
            "version": "==0.5"
        },
        "backports.functools-lru-cache": {
            "version": "==1.4"
        },
        "backports.shutil-get-terminal-size": {
            "version": "==1.0.0"
        },
        "certifi": {
            "version": "==2017.7.27.1"
        },
        "chardet": {
            "version": "==3.0.4"
        },
        "click": {
            "version": "==6.7"
        },
        "colorama": {
            "version": "==0.3.9"
        },
        "configparser": {
            "version": "==3.5.0"
        },
        "coverage": {
            "version": "==4.4.1"
        },
        "coverage.space": {
            "version": "==0.8"
        },
        "docopt": {
            "version": "==0.6.2"
        },
        "docutils": {
            "version": "==0.14"
        },
        "enum34": {
            "version": "==1.1.6"
        },
        "expecter": {
            "version": "==0.3.0"
        },
        "idna": {
            "version": "==2.6"
        },
        "isort": {
            "version": "==4.2.15"
        },
        "jinja2": {
            "version": "==2.9.6"
        },
        "lazy-object-proxy": {
            "version": "==1.3.1"
        },
        "livereload": {
            "version": "==2.5.1"
        },
        "markdown": {
            "version": "==2.6.9"
        },
        "markupsafe": {
            "version": "==1.0"
        },
        "mccabe": {
            "version": "==0.6.1"
        },
        "mkdocs": {
            "version": "==0.16.3"
        },
        "nose": {
            "version": "==1.3.7"
        },
        "pkginfo": {
            "version": "==1.4.1"
        },
        "pycodestyle": {
            "version": "==2.3.1"
        },
        "pydocstyle": {
            "version": "==2.0.0"
        },
        "pygments": {
            "version": "==2.2.0"
        },
        "pyinstaller": {
            "version": "==3.2.1"
        },
        "pylint": {
            "version": "==1.7.2"
        },
        "python-termstyle": {
            "version": "==0.1.10"
        },
        "pyyaml": {
            "version": "==3.12"
        },
        "requests": {
            "version": "==2.18.4"
        },
        "requests-toolbelt": {
            "version": "==0.8.0"
        },
        "setuptools": {
            "version": "==36.2.7"
        },
        "singledispatch": {
            "version": "==3.4.0.3"
        },
        "six": {
            "version": "==1.10.0"
        },
        "sniffer": {
            "version": "==0.4.0"
        },
        "snowballstemmer": {
            "version": "==1.2.1"
        },
        "tornado": {
            "version": "==4.5.1"
        },
        "tqdm": {
            "version": "==4.15.0"
        },
        "twine": {
            "version": "==1.9.1"
        },
        "urllib3": {
            "version": "==1.22"
        },
        "wheel": {
            "version": "==0.29.0"
        },
        "wrapt": {
            "version": "==1.10.11"
        }
    }
}
